
Microsoft Visual Studio Solution File, Format Version 12.00
# Visual Studio Version 16
VisualStudioVersion = 16.0.30204.135
MinimumVisualStudioVersion = 10.0.40219.1
Project("{FAE04EC0-301F-11D3-BF4B-00C04F79EFBC}") = "WpfApp2", "WpfApp2\WpfApp2.csproj", "{EFEE0823-7E34-4866-B078-2251AB474205}"
EndProject
Global
	GlobalSection(SolutionConfigurationPlatforms) = preSolution
		Debug|Any CPU = Debug|Any CPU
		Release|Any CPU = Release|Any CPU
	EndGlobalSection
	GlobalSection(ProjectConfigurationPlatforms) = postSolution
		{EFEE0823-7E34-4866-B078-2251AB474205}.Debug|Any CPU.ActiveCfg = Debug|Any CPU
		{EFEE0823-7E34-4866-B078-2251AB474205}.Debug|Any CPU.Build.0 = Debug|Any CPU
		{EFEE0823-7E34-4866-B078-2251AB474205}.Release|Any CPU.ActiveCfg = Release|Any CPU
		{EFEE0823-7E34-4866-B078-2251AB474205}.Release|Any CPU.Build.0 = Release|Any CPU
	EndGlobalSection
	GlobalSection(SolutionProperties) = preSolution
		HideSolutionNode = FALSE
	EndGlobalSection
	GlobalSection(ExtensibilityGlobals) = postSolution
		SolutionGuid = {87BF6C46-3100-4A58-A3D6-21BEF6DB8C4A}
	EndGlobalSection
EndGlobal
